
Microsoft Visual Studio Solution File, Format Version 12.00
# Visual Studio Version 17
VisualStudioVersion = 17.9.34728.123
MinimumVisualStudioVersion = 10.0.40219.1
Project("{FAE04EC0-301F-11D3-BF4B-00C04F79EFBC}") = "PuntoVentaAPI", "PuntoVentaAPI\PuntoVentaAPI.csproj", "{2AA7688B-D132-4FF2-95BC-21FD963A39F8}"
EndProject
Global
	GlobalSection(SolutionConfigurationPlatforms) = preSolution
		Debug|Any CPU = Debug|Any CPU
		Release|Any CPU = Release|Any CPU
	EndGlobalSection
	GlobalSection(ProjectConfigurationPlatforms) = postSolution
		{2AA7688B-D132-4FF2-95BC-21FD963A39F8}.Debug|Any CPU.ActiveCfg = Debug|Any CPU
		{2AA7688B-D132-4FF2-95BC-21FD963A39F8}.Debug|Any CPU.Build.0 = Debug|Any CPU
		{2AA7688B-D132-4FF2-95BC-21FD963A39F8}.Release|Any CPU.ActiveCfg = Release|Any CPU
		{2AA7688B-D132-4FF2-95BC-21FD963A39F8}.Release|Any CPU.Build.0 = Release|Any CPU
	EndGlobalSection
	GlobalSection(SolutionProperties) = preSolution
		HideSolutionNode = FALSE
	EndGlobalSection
	GlobalSection(ExtensibilityGlobals) = postSolution
		SolutionGuid = {DD79D397-7369-4C38-803A-16C030F425BE}
	EndGlobalSection
EndGlobal
